
Microsoft Visual Studio Solution File, Format Version 12.00
# Visual Studio Version 16
VisualStudioVersion = 16.0.29102.190
MinimumVisualStudioVersion = 10.0.40219.1
Project("{E24C65DC-7377-472B-9ABA-BC803B73C61A}") = "PrimusLifeSpace", ".", "{DD2CF37E-82A0-4679-94E1-877A362A5316}"
	ProjectSection(WebsiteProperties) = preProject
		TargetFrameworkMoniker = ".NETFramework,Version%3Dv4.0"
		Debug.AspNetCompiler.VirtualPath = "/localhost_52424"
		Debug.AspNetCompiler.PhysicalPath = "..\PrimusLifeSpace\"
		Debug.AspNetCompiler.TargetPath = "PrecompiledWeb\localhost_52424\"
		Debug.AspNetCompiler.Updateable = "true"
		Debug.AspNetCompiler.ForceOverwrite = "true"
		Debug.AspNetCompiler.FixedNames = "false"
		Debug.AspNetCompiler.Debug = "True"
		Release.AspNetCompiler.VirtualPath = "/localhost_52424"
		Release.AspNetCompiler.PhysicalPath = "..\PrimusLifeSpace\"
		Release.AspNetCompiler.TargetPath = "PrecompiledWeb\localhost_52424\"
		Release.AspNetCompiler.Updateable = "true"
		Release.AspNetCompiler.ForceOverwrite = "true"
		Release.AspNetCompiler.FixedNames = "false"
		Release.AspNetCompiler.Debug = "False"
		VWDPort = "52424"
		SlnRelativePath = "..\PrimusLifeSpace\"
	EndProjectSection
EndProject
Global
	GlobalSection(SolutionConfigurationPlatforms) = preSolution
		Debug|Any CPU = Debug|Any CPU
	EndGlobalSection
	GlobalSection(ProjectConfigurationPlatforms) = postSolution
		{DD2CF37E-82A0-4679-94E1-877A362A5316}.Debug|Any CPU.ActiveCfg = Debug|Any CPU
		{DD2CF37E-82A0-4679-94E1-877A362A5316}.Debug|Any CPU.Build.0 = Debug|Any CPU
	EndGlobalSection
	GlobalSection(SolutionProperties) = preSolution
		HideSolutionNode = FALSE
	EndGlobalSection
	GlobalSection(ExtensibilityGlobals) = postSolution
		SolutionGuid = {75C6E3E7-4242-4631-9EE6-88C7F32D1D88}
	EndGlobalSection
EndGlobal
